
Microsoft Visual Studio Solution File, Format Version 12.00
# Visual Studio Version 17
VisualStudioVersion = 17.11.35327.3
MinimumVisualStudioVersion = 10.0.40219.1
Project("{FAE04EC0-301F-11D3-BF4B-00C04F79EFBC}") = "Sorting", "Sorting\Sorting.csproj", "{1AD6D400-6D8F-468B-9E0D-3306D0912A68}"
EndProject
Global
	GlobalSection(SolutionConfigurationPlatforms) = preSolution
		Debug|Any CPU = Debug|Any CPU
		Release|Any CPU = Release|Any CPU
	EndGlobalSection
	GlobalSection(ProjectConfigurationPlatforms) = postSolution
		{1AD6D400-6D8F-468B-9E0D-3306D0912A68}.Debug|Any CPU.ActiveCfg = Debug|Any CPU
		{1AD6D400-6D8F-468B-9E0D-3306D0912A68}.Debug|Any CPU.Build.0 = Debug|Any CPU
		{1AD6D400-6D8F-468B-9E0D-3306D0912A68}.Release|Any CPU.ActiveCfg = Release|Any CPU
		{1AD6D400-6D8F-468B-9E0D-3306D0912A68}.Release|Any CPU.Build.0 = Release|Any CPU
	EndGlobalSection
	GlobalSection(SolutionProperties) = preSolution
		HideSolutionNode = FALSE
	EndGlobalSection
	GlobalSection(ExtensibilityGlobals) = postSolution
		SolutionGuid = {DFF10053-29AE-4C38-9348-F77869F6A953}
	EndGlobalSection
EndGlobal
